
Microsoft Visual Studio Solution File, Format Version 12.00
# Visual Studio 15
VisualStudioVersion = 15.0.28307.757
MinimumVisualStudioVersion = 10.0.40219.1
Project("{9A19103F-16F7-4668-BE54-9A1E7A4F7556}") = "ShoppingCart", "ShoppingCart\ShoppingCart.csproj", "{08E69C00-75E9-4F19-82FC-88A1F6E82898}"
EndProject
Project("{FAE04EC0-301F-11D3-BF4B-00C04F79EFBC}") = "ShoppingCart.Tests", "ShoppingCart.Tests\ShoppingCart.Tests.csproj", "{6C7D5C84-53CC-44A3-9EF6-A2B8472D878C}"
EndProject
Global
	GlobalSection(SolutionConfigurationPlatforms) = preSolution
		Debug|Any CPU = Debug|Any CPU
		Release|Any CPU = Release|Any CPU
	EndGlobalSection
	GlobalSection(ProjectConfigurationPlatforms) = postSolution
		{08E69C00-75E9-4F19-82FC-88A1F6E82898}.Debug|Any CPU.ActiveCfg = Debug|Any CPU
		{08E69C00-75E9-4F19-82FC-88A1F6E82898}.Debug|Any CPU.Build.0 = Debug|Any CPU
		{08E69C00-75E9-4F19-82FC-88A1F6E82898}.Release|Any CPU.ActiveCfg = Release|Any CPU
		{08E69C00-75E9-4F19-82FC-88A1F6E82898}.Release|Any CPU.Build.0 = Release|Any CPU
		{6C7D5C84-53CC-44A3-9EF6-A2B8472D878C}.Debug|Any CPU.ActiveCfg = Debug|Any CPU
		{6C7D5C84-53CC-44A3-9EF6-A2B8472D878C}.Debug|Any CPU.Build.0 = Debug|Any CPU
		{6C7D5C84-53CC-44A3-9EF6-A2B8472D878C}.Release|Any CPU.ActiveCfg = Release|Any CPU
		{6C7D5C84-53CC-44A3-9EF6-A2B8472D878C}.Release|Any CPU.Build.0 = Release|Any CPU
	EndGlobalSection
	GlobalSection(SolutionProperties) = preSolution
		HideSolutionNode = FALSE
	EndGlobalSection
	GlobalSection(ExtensibilityGlobals) = postSolution
		SolutionGuid = {0D277427-2401-4CE9-992F-7CAC6B4072BE}
	EndGlobalSection
EndGlobal
